// !$*UTF8*$!
{
	archiveVersion = 1;
	classes = {
	};
	objectVersion = 50;
	objects = {

/* Begin PBXBuildFile section */
		BFEA62E72442C89F00D8F4D5 /* AppDelegate.swift in Sources */ = {isa = PBXBuildFile; fileRef = BFEA62E62442C89F00D8F4D5 /* AppDelegate.swift */; };
		BFEA62E92442C89F00D8F4D5 /* SceneDelegate.swift in Sources */ = {isa = PBXBuildFile; fileRef = BFEA62E82442C89F00D8F4D5 /* SceneDelegate.swift */; };
		BFEA62EE2442C89F00D8F4D5 /* Main.storyboard in Resources */ = {isa = PBXBuildFile; fileRef = BFEA62EC2442C89F00D8F4D5 /* Main.storyboard */; };
		BFEA62F12442C89F00D8F4D5 /* TotemVisualsTests.xcdatamodeld in Sources */ = {isa = PBXBuildFile; fileRef = BFEA62EF2442C89F00D8F4D5 /* TotemVisualsTests.xcdatamodeld */; };
		BFEA62F32442C8A200D8F4D5 /* Assets.xcassets in Resources */ = {isa = PBXBuildFile; fileRef = BFEA62F22442C8A200D8F4D5 /* Assets.xcassets */; };
		BFEA62F62442C8A200D8F4D5 /* LaunchScreen.storyboard in Resources */ = {isa = PBXBuildFile; fileRef = BFEA62F42442C8A200D8F4D5 /* LaunchScreen.storyboard */; };
		BFEA62FE24437EA600D8F4D5 /* OpenerViewController.swift in Sources */ = {isa = PBXBuildFile; fileRef = BFEA62FD24437EA600D8F4D5 /* OpenerViewController.swift */; };
		BFEA630224439B3100D8F4D5 /* SignUpViewController.swift in Sources */ = {isa = PBXBuildFile; fileRef = BFEA630124439B3100D8F4D5 /* SignUpViewController.swift */; };
		BFEA630424439B6B00D8F4D5 /* SignUpViewController+UI.swift in Sources */ = {isa = PBXBuildFile; fileRef = BFEA630324439B6B00D8F4D5 /* SignUpViewController+UI.swift */; };
		BFEA630624439BAC00D8F4D5 /* OpenerViewController + UI.swift in Sources */ = {isa = PBXBuildFile; fileRef = BFEA630524439BAC00D8F4D5 /* OpenerViewController + UI.swift */; };
		BFEA63082443F15900D8F4D5 /* SignInViewController.swift in Sources */ = {isa = PBXBuildFile; fileRef = BFEA63072443F15900D8F4D5 /* SignInViewController.swift */; };
		BFEA630A2443F17800D8F4D5 /* SignInViewController + UI.swift in Sources */ = {isa = PBXBuildFile; fileRef = BFEA63092443F17800D8F4D5 /* SignInViewController + UI.swift */; };
		BFEA630C2444012800D8F4D5 /* ForgotPasswordViewController.swift in Sources */ = {isa = PBXBuildFile; fileRef = BFEA630B2444012800D8F4D5 /* ForgotPasswordViewController.swift */; };
		BFEA630E2444014500D8F4D5 /* ForgotPasswordViewController + UI.swift in Sources */ = {isa = PBXBuildFile; fileRef = BFEA630D2444014500D8F4D5 /* ForgotPasswordViewController + UI.swift */; };
/* End PBXBuildFile section */

/* Begin PBXFileReference section */
		BFEA62E32442C89F00D8F4D5 /* TotemVisualsTests.app */ = {isa = PBXFileReference; explicitFileType = wrapper.application; includeInIndex = 0; path = TotemVisualsTests.app; sourceTree = BUILT_PRODUCTS_DIR; };
		BFEA62E62442C89F00D8F4D5 /* AppDelegate.swift */ = {isa = PBXFileReference; lastKnownFileType = sourcecode.swift; path = AppDelegate.swift; sourceTree = "<group>"; };
		BFEA62E82442C89F00D8F4D5 /* SceneDelegate.swift */ = {isa = PBXFileReference; lastKnownFileType = sourcecode.swift; path = SceneDelegate.swift; sourceTree = "<group>"; };
		BFEA62ED2442C89F00D8F4D5 /* Base */ = {isa = PBXFileReference; lastKnownFileType = file.storyboard; name = Base; path = Base.lproj/Main.storyboard; sourceTree = "<group>"; };
		BFEA62F02442C89F00D8F4D5 /* TotemVisualsTests.xcdatamodel */ = {isa = PBXFileReference; lastKnownFileType = wrapper.xcdatamodel; path = TotemVisualsTests.xcdatamodel; sourceTree = "<group>"; };
		BFEA62F22442C8A200D8F4D5 /* Assets.xcassets */ = {isa = PBXFileReference; lastKnownFileType = folder.assetcatalog; path = Assets.xcassets; sourceTree = "<group>"; };
		BFEA62F52442C8A200D8F4D5 /* Base */ = {isa = PBXFileReference; lastKnownFileType = file.storyboard; name = Base; path = Base.lproj/LaunchScreen.storyboard; sourceTree = "<group>"; };
		BFEA62F72442C8A200D8F4D5 /* Info.plist */ = {isa = PBXFileReference; lastKnownFileType = text.plist.xml; path = Info.plist; sourceTree = "<group>"; };
		BFEA62FD24437EA600D8F4D5 /* OpenerViewController.swift */ = {isa = PBXFileReference; lastKnownFileType = sourcecode.swift; path = OpenerViewController.swift; sourceTree = "<group>"; };
		BFEA630124439B3100D8F4D5 /* SignUpViewController.swift */ = {isa = PBXFileReference; lastKnownFileType = sourcecode.swift; path = SignUpViewController.swift; sourceTree = "<group>"; };
		BFEA630324439B6B00D8F4D5 /* SignUpViewController+UI.swift */ = {isa = PBXFileReference; lastKnownFileType = sourcecode.swift; path = "SignUpViewController+UI.swift"; sourceTree = "<group>"; };
		BFEA630524439BAC00D8F4D5 /* OpenerViewController + UI.swift */ = {isa = PBXFileReference; lastKnownFileType = sourcecode.swift; name = "OpenerViewController + UI.swift"; path = "../OpenerViewController + UI.swift"; sourceTree = "<group>"; };
		BFEA63072443F15900D8F4D5 /* SignInViewController.swift */ = {isa = PBXFileReference; lastKnownFileType = sourcecode.swift; path = SignInViewController.swift; sourceTree = "<group>"; };
		BFEA63092443F17800D8F4D5 /* SignInViewController + UI.swift */ = {isa = PBXFileReference; lastKnownFileType = sourcecode.swift; path = "SignInViewController + UI.swift"; sourceTree = "<group>"; };
		BFEA630B2444012800D8F4D5 /* ForgotPasswordViewController.swift */ = {isa = PBXFileReference; lastKnownFileType = sourcecode.swift; path = ForgotPasswordViewController.swift; sourceTree = "<group>"; };
		BFEA630D2444014500D8F4D5 /* ForgotPasswordViewController + UI.swift */ = {isa = PBXFileReference; lastKnownFileType = sourcecode.swift; path = "ForgotPasswordViewController + UI.swift"; sourceTree = "<group>"; };
/* End PBXFileReference section */

/* Begin PBXFrameworksBuildPhase section */
		BFEA62E02442C89F00D8F4D5 /* Frameworks */ = {
			isa = PBXFrameworksBuildPhase;
			buildActionMask = 2147483647;
			files = (
			);
			runOnlyForDeploymentPostprocessing = 0;
		};
/* End PBXFrameworksBuildPhase section */

/* Begin PBXGroup section */
		BFEA62DA2442C89F00D8F4D5 = {
			isa = PBXGroup;
			children = (
				BFEA62E52442C89F00D8F4D5 /* TotemVisualsTests */,
				BFEA62E42442C89F00D8F4D5 /* Products */,
			);
			sourceTree = "<group>";
		};
		BFEA62E42442C89F00D8F4D5 /* Products */ = {
			isa = PBXGroup;
			children = (
				BFEA62E32442C89F00D8F4D5 /* TotemVisualsTests.app */,
			);
			name = Products;
			sourceTree = "<group>";
		};
		BFEA62E52442C89F00D8F4D5 /* TotemVisualsTests */ = {
			isa = PBXGroup;
			children = (
				BFEA62E62442C89F00D8F4D5 /* AppDelegate.swift */,
				BFEA62E82442C89F00D8F4D5 /* SceneDelegate.swift */,
				BFEA62EC2442C89F00D8F4D5 /* Main.storyboard */,
				BFEA630B2444012800D8F4D5 /* ForgotPasswordViewController.swift */,
				BFEA630D2444014500D8F4D5 /* ForgotPasswordViewController + UI.swift */,
				BFEA62FD24437EA600D8F4D5 /* OpenerViewController.swift */,
				BFEA630524439BAC00D8F4D5 /* OpenerViewController + UI.swift */,
				BFEA63072443F15900D8F4D5 /* SignInViewController.swift */,
				BFEA63092443F17800D8F4D5 /* SignInViewController + UI.swift */,
				BFEA630124439B3100D8F4D5 /* SignUpViewController.swift */,
				BFEA630324439B6B00D8F4D5 /* SignUpViewController+UI.swift */,
				BFEA62F22442C8A200D8F4D5 /* Assets.xcassets */,
				BFEA62F42442C8A200D8F4D5 /* LaunchScreen.storyboard */,
				BFEA62F72442C8A200D8F4D5 /* Info.plist */,
				BFEA62EF2442C89F00D8F4D5 /* TotemVisualsTests.xcdatamodeld */,
			);
			path = TotemVisualsTests;
			sourceTree = "<group>";
		};
/* End PBXGroup section */

/* Begin PBXNativeTarget section */
		BFEA62E22442C89F00D8F4D5 /* TotemVisualsTests */ = {
			isa = PBXNativeTarget;
			buildConfigurationList = BFEA62FA2442C8A200D8F4D5 /* Build configuration list for PBXNativeTarget "TotemVisualsTests" */;
			buildPhases = (
				BFEA62DF2442C89F00D8F4D5 /* Sources */,
				BFEA62E02442C89F00D8F4D5 /* Frameworks */,
				BFEA62E12442C89F00D8F4D5 /* Resources */,
			);
			buildRules = (
			);
			dependencies = (
			);
			name = TotemVisualsTests;
			productName = TotemVisualsTests;
			productReference = BFEA62E32442C89F00D8F4D5 /* TotemVisualsTests.app */;
			productType = "com.apple.product-type.application";
		};
/* End PBXNativeTarget section */

/* Begin PBXProject section */
		BFEA62DB2442C89F00D8F4D5 /* Project object */ = {
			isa = PBXProject;
			attributes = {
				LastSwiftUpdateCheck = 1130;
				LastUpgradeCheck = 1130;
				ORGANIZATIONNAME = "Michael Roundcount";
				TargetAttributes = {
					BFEA62E22442C89F00D8F4D5 = {
						CreatedOnToolsVersion = 11.3.1;
					};
				};
			};
			buildConfigurationList = BFEA62DE2442C89F00D8F4D5 /* Build configuration list for PBXProject "TotemVisualsTests" */;
			compatibilityVersion = "Xcode 9.3";
			developmentRegion = en;
			hasScannedForEncodings = 0;
			knownRegions = (
				en,
				Base,
			);
			mainGroup = BFEA62DA2442C89F00D8F4D5;
			productRefGroup = BFEA62E42442C89F00D8F4D5 /* Products */;
			projectDirPath = "";
			projectRoot = "";
			targets = (
				BFEA62E22442C89F00D8F4D5 /* TotemVisualsTests */,
			);
		};
/* End PBXProject section */

/* Begin PBXResourcesBuildPhase section */
		BFEA62E12442C89F00D8F4D5 /* Resources */ = {
			isa = PBXResourcesBuildPhase;
			buildActionMask = 2147483647;
			files = (
				BFEA62F62442C8A200D8F4D5 /* LaunchScreen.storyboard in Resources */,
				BFEA62F32442C8A200D8F4D5 /* Assets.xcassets in Resources */,
				BFEA62EE2442C89F00D8F4D5 /* Main.storyboard in Resources */,
			);
			runOnlyForDeploymentPostprocessing = 0;
		};
/* End PBXResourcesBuildPhase section */

/* Begin PBXSourcesBuildPhase section */
		BFEA62DF2442C89F00D8F4D5 /* Sources */ = {
			isa = PBXSourcesBuildPhase;
			buildActionMask = 2147483647;
			files = (
				BFEA630224439B3100D8F4D5 /* SignUpViewController.swift in Sources */,
				BFEA62F12442C89F00D8F4D5 /* TotemVisualsTests.xcdatamodeld in Sources */,
				BFEA630A2443F17800D8F4D5 /* SignInViewController + UI.swift in Sources */,
				BFEA630424439B6B00D8F4D5 /* SignUpViewController+UI.swift in Sources */,
				BFEA630624439BAC00D8F4D5 /* OpenerViewController + UI.swift in Sources */,
				BFEA630E2444014500D8F4D5 /* ForgotPasswordViewController + UI.swift in Sources */,
				BFEA63082443F15900D8F4D5 /* SignInViewController.swift in Sources */,
				BFEA630C2444012800D8F4D5 /* ForgotPasswordViewController.swift in Sources */,
				BFEA62FE24437EA600D8F4D5 /* OpenerViewController.swift in Sources */,
				BFEA62E72442C89F00D8F4D5 /* AppDelegate.swift in Sources */,
				BFEA62E92442C89F00D8F4D5 /* SceneDelegate.swift in Sources */,
			);
			runOnlyForDeploymentPostprocessing = 0;
		};
/* End PBXSourcesBuildPhase section */

/* Begin PBXVariantGroup section */
		BFEA62EC2442C89F00D8F4D5 /* Main.storyboard */ = {
			isa = PBXVariantGroup;
			children = (
				BFEA62ED2442C89F00D8F4D5 /* Base */,
			);
			name = Main.storyboard;
			sourceTree = "<group>";
		};
		BFEA62F42442C8A200D8F4D5 /* LaunchScreen.storyboard */ = {
			isa = PBXVariantGroup;
			children = (
				BFEA62F52442C8A200D8F4D5 /* Base */,
			);
			name = LaunchScreen.storyboard;
			sourceTree = "<group>";
		};
/* End PBXVariantGroup section */

/* Begin XCBuildConfiguration section */
		BFEA62F82442C8A200D8F4D5 /* Debug */ = {
			isa = XCBuildConfiguration;
			buildSettings = {
				ALWAYS_SEARCH_USER_PATHS = NO;
				CLANG_ANALYZER_NONNULL = YES;
				CLANG_ANALYZER_NUMBER_OBJECT_CONVERSION = YES_AGGRESSIVE;
				CLANG_CXX_LANGUAGE_STANDARD = "gnu++14";
				CLANG_CXX_LIBRARY = "libc++";
				CLANG_ENABLE_MODULES = YES;
				CLANG_ENABLE_OBJC_ARC = YES;
				CLANG_ENABLE_OBJC_WEAK = YES;
				CLANG_WARN_BLOCK_CAPTURE_AUTORELEASING = YES;
				CLANG_WARN_BOOL_CONVERSION = YES;
				CLANG_WARN_COMMA = YES;
				CLANG_WARN_CONSTANT_CONVERSION = YES;
				CLANG_WARN_DEPRECATED_OBJC_IMPLEMENTATIONS = YES;
				CLANG_WARN_DIRECT_OBJC_ISA_USAGE = YES_ERROR;
				CLANG_WARN_DOCUMENTATION_COMMENTS = YES;
				CLANG_WARN_EMPTY_BODY = YES;
				CLANG_WARN_ENUM_CONVERSION = YES;
				CLANG_WARN_INFINITE_RECURSION = YES;
				CLANG_WARN_INT_CONVERSION = YES;
				CLANG_WARN_NON_LITERAL_NULL_CONVERSION = YES;
				CLANG_WARN_OBJC_IMPLICIT_RETAIN_SELF = YES;
				CLANG_WARN_OBJC_LITERAL_CONVERSION = YES;
				CLANG_WARN_OBJC_ROOT_CLASS = YES_ERROR;
				CLANG_WARN_RANGE_LOOP_ANALYSIS = YES;
				CLANG_WARN_STRICT_PROTOTYPES = YES;
				CLANG_WARN_SUSPICIOUS_MOVE = YES;
				CLANG_WARN_UNGUARDED_AVAILABILITY = YES_AGGRESSIVE;
				CLANG_WARN_UNREACHABLE_CODE = YES;
				CLANG_WARN__DUPLICATE_METHOD_MATCH = YES;
				COPY_PHASE_STRIP = NO;
				DEBUG_INFORMATION_FORMAT = dwarf;
				ENABLE_STRICT_OBJC_MSGSEND = YES;
				ENABLE_TESTABILITY = YES;
				GCC_C_LANGUAGE_STANDARD = gnu11;
				GCC_DYNAMIC_NO_PIC = NO;
				GCC_NO_COMMON_BLOCKS = YES;
				GCC_OPTIMIZATION_LEVEL = 0;
				GCC_PREPROCESSOR_DEFINITIONS = (
					"DEBUG=1",
					"$(inherited)",
				);
				GCC_WARN_64_TO_32_BIT_CONVERSION = YES;
				GCC_WARN_ABOUT_RETURN_TYPE = YES_ERROR;
				GCC_WARN_UNDECLARED_SELECTOR = YES;
				GCC_WARN_UNINITIALIZED_AUTOS = YES_AGGRESSIVE;
				GCC_WARN_UNUSED_FUNCTION = YES;
				GCC_WARN_UNUSED_VARIABLE = YES;
				IPHONEOS_DEPLOYMENT_TARGET = 13.2;
				MTL_ENABLE_DEBUG_INFO = INCLUDE_SOURCE;
				MTL_FAST_MATH = YES;
				ONLY_ACTIVE_ARCH = YES;
				SDKROOT = iphoneos;
				SWIFT_ACTIVE_COMPILATION_CONDITIONS = DEBUG;
				SWIFT_OPTIMIZATION_LEVEL = "-Onone";
			};
			name = Debug;
		};
		BFEA62F92442C8A200D8F4D5 /* Release */ = {
			isa = XCBuildConfiguration;
			buildSettings = {
				ALWAYS_SEARCH_USER_PATHS = NO;
				CLANG_ANALYZER_NONNULL = YES;
				CLANG_ANALYZER_NUMBER_OBJECT_CONVERSION = YES_AGGRESSIVE;
				CLANG_CXX_LANGUAGE_STANDARD = "gnu++14";
				CLANG_CXX_LIBRARY = "libc++";
				CLANG_ENABLE_MODULES = YES;
				CLANG_ENABLE_OBJC_ARC = YES;
				CLANG_ENABLE_OBJC_WEAK = YES;
				CLANG_WARN_BLOCK_CAPTURE_AUTORELEASING = YES;
				CLANG_WARN_BOOL_CONVERSION = YES;
				CLANG_WARN_COMMA = YES;
				CLANG_WARN_CONSTANT_CONVERSION = YES;
				CLANG_WARN_DEPRECATED_OBJC_IMPLEMENTATIONS = YES;
				CLANG_WARN_DIRECT_OBJC_ISA_USAGE = YES_ERROR;
				CLANG_WARN_DOCUMENTATION_COMMENTS = YES;
				CLANG_WARN_EMPTY_BODY = YES;
				CLANG_WARN_ENUM_CONVERSION = YES;
				CLANG_WARN_INFINITE_RECURSION = YES;
				CLANG_WARN_INT_CONVERSION = YES;
				CLANG_WARN_NON_LITERAL_NULL_CONVERSION = YES;
				CLANG_WARN_OBJC_IMPLICIT_RETAIN_SELF = YES;
				CLANG_WARN_OBJC_LITERAL_CONVERSION = YES;
				CLANG_WARN_OBJC_ROOT_CLASS = YES_ERROR;
				CLANG_WARN_RANGE_LOOP_ANALYSIS = YES;
				CLANG_WARN_STRICT_PROTOTYPES = YES;
				CLANG_WARN_SUSPICIOUS_MOVE = YES;
				CLANG_WARN_UNGUARDED_AVAILABILITY = YES_AGGRESSIVE;
				CLANG_WARN_UNREACHABLE_CODE = YES;
				CLANG_WARN__DUPLICATE_METHOD_MATCH = YES;
				COPY_PHASE_STRIP = NO;
				DEBUG_INFORMATION_FORMAT = "dwarf-with-dsym";
				ENABLE_NS_ASSERTIONS = NO;
				ENABLE_STRICT_OBJC_MSGSEND = YES;
				GCC_C_LANGUAGE_STANDARD = gnu11;
				GCC_NO_COMMON_BLOCKS = YES;
				GCC_WARN_64_TO_32_BIT_CONVERSION = YES;
				GCC_WARN_ABOUT_RETURN_TYPE = YES_ERROR;
				GCC_WARN_UNDECLARED_SELECTOR = YES;
				GCC_WARN_UNINITIALIZED_AUTOS = YES_AGGRESSIVE;
				GCC_WARN_UNUSED_FUNCTION = YES;
				GCC_WARN_UNUSED_VARIABLE = YES;
				IPHONEOS_DEPLOYMENT_TARGET = 13.2;
				MTL_ENABLE_DEBUG_INFO = NO;
				MTL_FAST_MATH = YES;
				SDKROOT = iphoneos;
				SWIFT_COMPILATION_MODE = wholemodule;
				SWIFT_OPTIMIZATION_LEVEL = "-O";
				VALIDATE_PRODUCT = YES;
			};
			name = Release;
		};
		BFEA62FB2442C8A200D8F4D5 /* Debug */ = {
			isa = XCBuildConfiguration;
			buildSettings = {
				ASSETCATALOG_COMPILER_APPICON_NAME = AppIcon;
				CODE_SIGN_STYLE = Automatic;
				DEVELOPMENT_TEAM = 2384X3M7MT;
				INFOPLIST_FILE = TotemVisualsTests/Info.plist;
				LD_RUNPATH_SEARCH_PATHS = (
					"$(inherited)",
					"@executable_path/Frameworks",
				);
				PRODUCT_BUNDLE_IDENTIFIER = Something.TotemVisualsTests;
				PRODUCT_NAME = "$(TARGET_NAME)";
				SWIFT_VERSION = 5.0;
				TARGETED_DEVICE_FAMILY = "1,2";
			};
			name = Debug;
		};
		BFEA62FC2442C8A200D8F4D5 /* Release */ = {
			isa = XCBuildConfiguration;
			buildSettings = {
				ASSETCATALOG_COMPILER_APPICON_NAME = AppIcon;
				CODE_SIGN_STYLE = Automatic;
				DEVELOPMENT_TEAM = 2384X3M7MT;
				INFOPLIST_FILE = TotemVisualsTests/Info.plist;
				LD_RUNPATH_SEARCH_PATHS = (
					"$(inherited)",
					"@executable_path/Frameworks",
				);
				PRODUCT_BUNDLE_IDENTIFIER = Something.TotemVisualsTests;
				PRODUCT_NAME = "$(TARGET_NAME)";
				SWIFT_VERSION = 5.0;
				TARGETED_DEVICE_FAMILY = "1,2";
			};
			name = Release;
		};
/* End XCBuildConfiguration section */

/* Begin XCConfigurationList section */
		BFEA62DE2442C89F00D8F4D5 /* Build configuration list for PBXProject "TotemVisualsTests" */ = {
			isa = XCConfigurationList;
			buildConfigurations = (
				BFEA62F82442C8A200D8F4D5 /* Debug */,
				BFEA62F92442C8A200D8F4D5 /* Release */,
			);
			defaultConfigurationIsVisible = 0;
			defaultConfigurationName = Release;
		};
		BFEA62FA2442C8A200D8F4D5 /* Build configuration list for PBXNativeTarget "TotemVisualsTests" */ = {
			isa = XCConfigurationList;
			buildConfigurations = (
				BFEA62FB2442C8A200D8F4D5 /* Debug */,
				BFEA62FC2442C8A200D8F4D5 /* Release */,
			);
			defaultConfigurationIsVisible = 0;
			defaultConfigurationName = Release;
		};
/* End XCConfigurationList section */

/* Begin XCVersionGroup section */
		BFEA62EF2442C89F00D8F4D5 /* TotemVisualsTests.xcdatamodeld */ = {
			isa = XCVersionGroup;
			children = (
				BFEA62F02442C89F00D8F4D5 /* TotemVisualsTests.xcdatamodel */,
			);
			currentVersion = BFEA62F02442C89F00D8F4D5 /* TotemVisualsTests.xcdatamodel */;
			path = TotemVisualsTests.xcdatamodeld;
			sourceTree = "<group>";
			versionGroupType = wrapper.xcdatamodel;
		};
/* End XCVersionGroup section */
	};
	rootObject = BFEA62DB2442C89F00D8F4D5 /* Project object */;
}
